schema: '2.0'
stages:
  ingestion:
    cmd: python src/ingestion.py
    deps:
    - path: data/raw
      hash: md5
      md5: 797a00bc31008df615058ca198c64ad1.dir
      size: 126186995
      nfiles: 9
    - path: src/ingestion.py
      hash: md5
      md5: 803b1ff9352b41b4504fe98b99ce0ca3
      size: 1276
    outs:
    - path: data/processed/consolidated_orders.csv
      hash: md5
      md5: b4a2854a72863e6712d1a022e3b8781e
      size: 36904420
  preprocessing:
    cmd: python src/preprocessing.py
    deps:
    - path: data/processed/consolidated_orders.csv
      hash: md5
      md5: b4a2854a72863e6712d1a022e3b8781e
      size: 36904420
    - path: src/preprocessing.py
      hash: md5
      md5: 0b9ddfb580b8dfe07324c0e4067725c8
      size: 1552
    outs:
    - path: data/processed/final_dataset.csv
      hash: md5
      md5: 1352d1463a919cd1ea14e5c793f6fc83
      size: 35677485
  train:
    cmd: python src/train.py
    deps:
    - path: data/processed/final_dataset.csv
      hash: md5
      md5: 1352d1463a919cd1ea14e5c793f6fc83
      size: 35677485
    - path: src/train.py
      hash: md5
      md5: 643d74dfc1862d565ff65b66113886db
      size: 1750
    outs:
    - path: models/model.pkl
      hash: md5
      md5: 57a337190784d70d9a24bc14fe49fd5e
      size: 124708957
